
Microsoft Visual Studio Solution File, Format Version 12.00
Project("{FAE04EC0-301F-11D3-BF4B-00C04F79EFBC}") = "PJATK-APBD-Cw8-s27521", "PJATK-APBD-Cw8-s27521\PJATK-APBD-Cw8-s27521.csproj", "{04E4C93B-CD53-47A8-903C-FF40B40244CF}"
EndProject
Global
	GlobalSection(SolutionConfigurationPlatforms) = preSolution
		Debug|Any CPU = Debug|Any CPU
		Release|Any CPU = Release|Any CPU
	EndGlobalSection
	GlobalSection(ProjectConfigurationPlatforms) = postSolution
		{04E4C93B-CD53-47A8-903C-FF40B40244CF}.Debug|Any CPU.ActiveCfg = Debug|Any CPU
		{04E4C93B-CD53-47A8-903C-FF40B40244CF}.Debug|Any CPU.Build.0 = Debug|Any CPU
		{04E4C93B-CD53-47A8-903C-FF40B40244CF}.Release|Any CPU.ActiveCfg = Release|Any CPU
		{04E4C93B-CD53-47A8-903C-FF40B40244CF}.Release|Any CPU.Build.0 = Release|Any CPU
	EndGlobalSection
EndGlobal
